
Microsoft Visual Studio Solution File, Format Version 12.00
# Visual Studio Version 16
VisualStudioVersion = 16.0.28803.202
MinimumVisualStudioVersion = 10.0.40219.1
Project("{FAE04EC0-301F-11D3-BF4B-00C04F79EFBC}") = "RestaurantRaterMVC", "RestaurantRater\RestaurantRaterMVC.csproj", "{74DABFEF-2207-4F9A-9764-4EA6B387B94C}"
EndProject
Global
	GlobalSection(SolutionConfigurationPlatforms) = preSolution
		Debug|Any CPU = Debug|Any CPU
		Release|Any CPU = Release|Any CPU
	EndGlobalSection
	GlobalSection(ProjectConfigurationPlatforms) = postSolution
		{74DABFEF-2207-4F9A-9764-4EA6B387B94C}.Debug|Any CPU.ActiveCfg = Debug|Any CPU
		{74DABFEF-2207-4F9A-9764-4EA6B387B94C}.Debug|Any CPU.Build.0 = Debug|Any CPU
		{74DABFEF-2207-4F9A-9764-4EA6B387B94C}.Release|Any CPU.ActiveCfg = Release|Any CPU
		{74DABFEF-2207-4F9A-9764-4EA6B387B94C}.Release|Any CPU.Build.0 = Release|Any CPU
	EndGlobalSection
	GlobalSection(SolutionProperties) = preSolution
		HideSolutionNode = FALSE
	EndGlobalSection
	GlobalSection(ExtensibilityGlobals) = postSolution
		SolutionGuid = {9C542B18-4400-4B55-B47C-897988F83530}
	EndGlobalSection
EndGlobal
